
Microsoft Visual Studio Solution File, Format Version 12.00
# Visual Studio Version 17
VisualStudioVersion = 17.14.36518.9 d17.14
MinimumVisualStudioVersion = 10.0.40219.1
Project("{FAE04EC0-301F-11D3-BF4B-00C04F79EFBC}") = "pod.keycloak", "pod.keycloak\pod.keycloak.csproj", "{1D7C2C5E-1CC4-46B4-ADF7-F009B92EBC39}"
EndProject
Global
	GlobalSection(SolutionConfigurationPlatforms) = preSolution
		Debug|Any CPU = Debug|Any CPU
		Release|Any CPU = Release|Any CPU
	EndGlobalSection
	GlobalSection(ProjectConfigurationPlatforms) = postSolution
		{1D7C2C5E-1CC4-46B4-ADF7-F009B92EBC39}.Debug|Any CPU.ActiveCfg = Debug|Any CPU
		{1D7C2C5E-1CC4-46B4-ADF7-F009B92EBC39}.Debug|Any CPU.Build.0 = Debug|Any CPU
		{1D7C2C5E-1CC4-46B4-ADF7-F009B92EBC39}.Release|Any CPU.ActiveCfg = Release|Any CPU
		{1D7C2C5E-1CC4-46B4-ADF7-F009B92EBC39}.Release|Any CPU.Build.0 = Release|Any CPU
	EndGlobalSection
	GlobalSection(SolutionProperties) = preSolution
		HideSolutionNode = FALSE
	EndGlobalSection
	GlobalSection(ExtensibilityGlobals) = postSolution
		SolutionGuid = {D6537E4F-6A05-427F-BF16-07C6F919E148}
	EndGlobalSection
EndGlobal
